
Microsoft Visual Studio Solution File, Format Version 12.00
# Visual Studio Version 17
VisualStudioVersion = 17.2.32602.215
MinimumVisualStudioVersion = 10.0.40219.1
Project("{2150E333-8FDC-42A3-9474-1A3956D46DE8}") = "Ongoing", "Ongoing", "{E0B778E5-9C44-4BF6-9152-369782EAFB15}"
EndProject
Project("{2150E333-8FDC-42A3-9474-1A3956D46DE8}") = "Resolved", "Resolved", "{A7CE82B7-38D3-4BDF-BC53-F43B509AF363}"
EndProject
Project("{9A19103F-16F7-4668-BE54-9A1E7A4F7556}") = "SimpleArraySum", "SimpleArraySum\SimpleArraySum.csproj", "{0C94899D-3FA0-4CC3-8E33-D8DC12FDFF62}"
EndProject
Project("{9A19103F-16F7-4668-BE54-9A1E7A4F7556}") = "CompareTheTriplets", "CompareTheTriplets\CompareTheTriplets.csproj", "{F3F2240F-CFD7-4D65-B307-9396F583AB45}"
EndProject
Project("{9A19103F-16F7-4668-BE54-9A1E7A4F7556}") = "AVeryBigSum", "AVeryBigSum\AVeryBigSum.csproj", "{E2725834-75F7-4919-9FE7-9CD1EEC4799F}"
EndProject
Project("{9A19103F-16F7-4668-BE54-9A1E7A4F7556}") = "DiagonalDifference", "DiagonalDifference\DiagonalDifference.csproj", "{81F13F1C-EB5E-477B-9E22-AB7829BD1D3D}"
EndProject
Project("{9A19103F-16F7-4668-BE54-9A1E7A4F7556}") = "PlusMinus", "PlusMinus\PlusMinus.csproj", "{8280D21C-13AC-4BA4-A6AA-94C5D0116002}"
EndProject
Project("{9A19103F-16F7-4668-BE54-9A1E7A4F7556}") = "Staircase", "Staircase\Staircase.csproj", "{F13CC394-C36F-49BE-9F76-123892D06584}"
EndProject
Project("{9A19103F-16F7-4668-BE54-9A1E7A4F7556}") = "MiniMaxSum", "MiniMaxSum\MiniMaxSum.csproj", "{414E05F7-8B2D-4B66-9969-17DCB97A6D4C}"
EndProject
Project("{9A19103F-16F7-4668-BE54-9A1E7A4F7556}") = "BirthdayCakeCandles", "BirthdayCakeCandles\BirthdayCakeCandles.csproj", "{181435F5-7A99-4744-9637-455841A1AA30}"
EndProject
Project("{9A19103F-16F7-4668-BE54-9A1E7A4F7556}") = "TimeConversion", "TimeConversion\TimeConversion.csproj", "{7225D5F3-B1D1-43D4-8863-0215AE8961E8}"
EndProject
Project("{9A19103F-16F7-4668-BE54-9A1E7A4F7556}") = "GradingStudents", "GradingStudents\GradingStudents.csproj", "{78509925-99AC-41E5-AEED-93DACF1E2231}"
EndProject
Project("{9A19103F-16F7-4668-BE54-9A1E7A4F7556}") = "Certifications", "Certifications\Certifications.csproj", "{278E429B-8C12-4E9C-B409-75ADF7ECCFA7}"
EndProject
Project("{FAE04EC0-301F-11D3-BF4B-00C04F79EFBC}") = "AppleAndOrange", "AppleAndOrange\AppleAndOrange.csproj", "{78393391-ECC2-4E51-874A-F0C6F58E7C58}"
EndProject
Global
	GlobalSection(SolutionConfigurationPlatforms) = preSolution
		Debug|Any CPU = Debug|Any CPU
		Release|Any CPU = Release|Any CPU
	EndGlobalSection
	GlobalSection(ProjectConfigurationPlatforms) = postSolution
		{0C94899D-3FA0-4CC3-8E33-D8DC12FDFF62}.Debug|Any CPU.ActiveCfg = Debug|Any CPU
		{0C94899D-3FA0-4CC3-8E33-D8DC12FDFF62}.Debug|Any CPU.Build.0 = Debug|Any CPU
		{0C94899D-3FA0-4CC3-8E33-D8DC12FDFF62}.Release|Any CPU.ActiveCfg = Release|Any CPU
		{0C94899D-3FA0-4CC3-8E33-D8DC12FDFF62}.Release|Any CPU.Build.0 = Release|Any CPU
		{F3F2240F-CFD7-4D65-B307-9396F583AB45}.Debug|Any CPU.ActiveCfg = Debug|Any CPU
		{F3F2240F-CFD7-4D65-B307-9396F583AB45}.Debug|Any CPU.Build.0 = Debug|Any CPU
		{F3F2240F-CFD7-4D65-B307-9396F583AB45}.Release|Any CPU.ActiveCfg = Release|Any CPU
		{F3F2240F-CFD7-4D65-B307-9396F583AB45}.Release|Any CPU.Build.0 = Release|Any CPU
		{E2725834-75F7-4919-9FE7-9CD1EEC4799F}.Debug|Any CPU.ActiveCfg = Debug|Any CPU
		{E2725834-75F7-4919-9FE7-9CD1EEC4799F}.Debug|Any CPU.Build.0 = Debug|Any CPU
		{E2725834-75F7-4919-9FE7-9CD1EEC4799F}.Release|Any CPU.ActiveCfg = Release|Any CPU
		{E2725834-75F7-4919-9FE7-9CD1EEC4799F}.Release|Any CPU.Build.0 = Release|Any CPU
		{81F13F1C-EB5E-477B-9E22-AB7829BD1D3D}.Debug|Any CPU.ActiveCfg = Debug|Any CPU
		{81F13F1C-EB5E-477B-9E22-AB7829BD1D3D}.Debug|Any CPU.Build.0 = Debug|Any CPU
		{81F13F1C-EB5E-477B-9E22-AB7829BD1D3D}.Release|Any CPU.ActiveCfg = Release|Any CPU
		{81F13F1C-EB5E-477B-9E22-AB7829BD1D3D}.Release|Any CPU.Build.0 = Release|Any CPU
		{8280D21C-13AC-4BA4-A6AA-94C5D0116002}.Debug|Any CPU.ActiveCfg = Debug|Any CPU
		{8280D21C-13AC-4BA4-A6AA-94C5D0116002}.Debug|Any CPU.Build.0 = Debug|Any CPU
		{8280D21C-13AC-4BA4-A6AA-94C5D0116002}.Release|Any CPU.ActiveCfg = Release|Any CPU
		{8280D21C-13AC-4BA4-A6AA-94C5D0116002}.Release|Any CPU.Build.0 = Release|Any CPU
		{F13CC394-C36F-49BE-9F76-123892D06584}.Debug|Any CPU.ActiveCfg = Debug|Any CPU
		{F13CC394-C36F-49BE-9F76-123892D06584}.Debug|Any CPU.Build.0 = Debug|Any CPU
		{F13CC394-C36F-49BE-9F76-123892D06584}.Release|Any CPU.ActiveCfg = Release|Any CPU
		{F13CC394-C36F-49BE-9F76-123892D06584}.Release|Any CPU.Build.0 = Release|Any CPU
		{414E05F7-8B2D-4B66-9969-17DCB97A6D4C}.Debug|Any CPU.ActiveCfg = Debug|Any CPU
		{414E05F7-8B2D-4B66-9969-17DCB97A6D4C}.Debug|Any CPU.Build.0 = Debug|Any CPU
		{414E05F7-8B2D-4B66-9969-17DCB97A6D4C}.Release|Any CPU.ActiveCfg = Release|Any CPU
		{414E05F7-8B2D-4B66-9969-17DCB97A6D4C}.Release|Any CPU.Build.0 = Release|Any CPU
		{181435F5-7A99-4744-9637-455841A1AA30}.Debug|Any CPU.ActiveCfg = Debug|Any CPU
		{181435F5-7A99-4744-9637-455841A1AA30}.Debug|Any CPU.Build.0 = Debug|Any CPU
		{181435F5-7A99-4744-9637-455841A1AA30}.Release|Any CPU.ActiveCfg = Release|Any CPU
		{181435F5-7A99-4744-9637-455841A1AA30}.Release|Any CPU.Build.0 = Release|Any CPU
		{7225D5F3-B1D1-43D4-8863-0215AE8961E8}.Debug|Any CPU.ActiveCfg = Debug|Any CPU
		{7225D5F3-B1D1-43D4-8863-0215AE8961E8}.Debug|Any CPU.Build.0 = Debug|Any CPU
		{7225D5F3-B1D1-43D4-8863-0215AE8961E8}.Release|Any CPU.ActiveCfg = Release|Any CPU
		{7225D5F3-B1D1-43D4-8863-0215AE8961E8}.Release|Any CPU.Build.0 = Release|Any CPU
		{78509925-99AC-41E5-AEED-93DACF1E2231}.Debug|Any CPU.ActiveCfg = Debug|Any CPU
		{78509925-99AC-41E5-AEED-93DACF1E2231}.Debug|Any CPU.Build.0 = Debug|Any CPU
		{78509925-99AC-41E5-AEED-93DACF1E2231}.Release|Any CPU.ActiveCfg = Release|Any CPU
		{78509925-99AC-41E5-AEED-93DACF1E2231}.Release|Any CPU.Build.0 = Release|Any CPU
		{278E429B-8C12-4E9C-B409-75ADF7ECCFA7}.Debug|Any CPU.ActiveCfg = Debug|Any CPU
		{278E429B-8C12-4E9C-B409-75ADF7ECCFA7}.Debug|Any CPU.Build.0 = Debug|Any CPU
		{278E429B-8C12-4E9C-B409-75ADF7ECCFA7}.Release|Any CPU.ActiveCfg = Release|Any CPU
		{278E429B-8C12-4E9C-B409-75ADF7ECCFA7}.Release|Any CPU.Build.0 = Release|Any CPU
		{78393391-ECC2-4E51-874A-F0C6F58E7C58}.Debug|Any CPU.ActiveCfg = Debug|Any CPU
		{78393391-ECC2-4E51-874A-F0C6F58E7C58}.Debug|Any CPU.Build.0 = Debug|Any CPU
		{78393391-ECC2-4E51-874A-F0C6F58E7C58}.Release|Any CPU.ActiveCfg = Release|Any CPU
		{78393391-ECC2-4E51-874A-F0C6F58E7C58}.Release|Any CPU.Build.0 = Release|Any CPU
	EndGlobalSection
	GlobalSection(SolutionProperties) = preSolution
		HideSolutionNode = FALSE
	EndGlobalSection
	GlobalSection(NestedProjects) = preSolution
		{0C94899D-3FA0-4CC3-8E33-D8DC12FDFF62} = {A7CE82B7-38D3-4BDF-BC53-F43B509AF363}
		{F3F2240F-CFD7-4D65-B307-9396F583AB45} = {A7CE82B7-38D3-4BDF-BC53-F43B509AF363}
		{E2725834-75F7-4919-9FE7-9CD1EEC4799F} = {A7CE82B7-38D3-4BDF-BC53-F43B509AF363}
		{81F13F1C-EB5E-477B-9E22-AB7829BD1D3D} = {A7CE82B7-38D3-4BDF-BC53-F43B509AF363}
		{8280D21C-13AC-4BA4-A6AA-94C5D0116002} = {A7CE82B7-38D3-4BDF-BC53-F43B509AF363}
		{F13CC394-C36F-49BE-9F76-123892D06584} = {A7CE82B7-38D3-4BDF-BC53-F43B509AF363}
		{414E05F7-8B2D-4B66-9969-17DCB97A6D4C} = {A7CE82B7-38D3-4BDF-BC53-F43B509AF363}
		{181435F5-7A99-4744-9637-455841A1AA30} = {A7CE82B7-38D3-4BDF-BC53-F43B509AF363}
		{7225D5F3-B1D1-43D4-8863-0215AE8961E8} = {A7CE82B7-38D3-4BDF-BC53-F43B509AF363}
		{78509925-99AC-41E5-AEED-93DACF1E2231} = {A7CE82B7-38D3-4BDF-BC53-F43B509AF363}
		{278E429B-8C12-4E9C-B409-75ADF7ECCFA7} = {A7CE82B7-38D3-4BDF-BC53-F43B509AF363}
		{78393391-ECC2-4E51-874A-F0C6F58E7C58} = {A7CE82B7-38D3-4BDF-BC53-F43B509AF363}
	EndGlobalSection
	GlobalSection(ExtensibilityGlobals) = postSolution
		SolutionGuid = {9CC2AC1D-02B4-4D1F-A049-D035E81DD340}
	EndGlobalSection
EndGlobal
