
Microsoft Visual Studio Solution File, Format Version 12.00
# Visual Studio Version 17
VisualStudioVersion = 17.2.32602.215
MinimumVisualStudioVersion = 10.0.40219.1
Project("{9A19103F-16F7-4668-BE54-9A1E7A4F7556}") = "Problem1070", "Problem1070\Problem1070.csproj", "{D3903D6D-6C49-4FDA-B3AA-A36DDAF7EDA8}"
EndProject
Project("{2150E333-8FDC-42A3-9474-1A3956D46DE8}") = "Resolveds", "Resolveds", "{4B63D0D6-E922-4494-B4BE-37935EF80FB7}"
EndProject
Project("{2150E333-8FDC-42A3-9474-1A3956D46DE8}") = "Ongoing", "Ongoing", "{D97C09F8-9618-4EA1-9D4C-FA463A817A31}"
EndProject
Global
	GlobalSection(SolutionConfigurationPlatforms) = preSolution
		Debug|Any CPU = Debug|Any CPU
		Release|Any CPU = Release|Any CPU
	EndGlobalSection
	GlobalSection(ProjectConfigurationPlatforms) = postSolution
		{D3903D6D-6C49-4FDA-B3AA-A36DDAF7EDA8}.Debug|Any CPU.ActiveCfg = Debug|Any CPU
		{D3903D6D-6C49-4FDA-B3AA-A36DDAF7EDA8}.Debug|Any CPU.Build.0 = Debug|Any CPU
		{D3903D6D-6C49-4FDA-B3AA-A36DDAF7EDA8}.Release|Any CPU.ActiveCfg = Release|Any CPU
		{D3903D6D-6C49-4FDA-B3AA-A36DDAF7EDA8}.Release|Any CPU.Build.0 = Release|Any CPU
	EndGlobalSection
	GlobalSection(SolutionProperties) = preSolution
		HideSolutionNode = FALSE
	EndGlobalSection
	GlobalSection(NestedProjects) = preSolution
		{D3903D6D-6C49-4FDA-B3AA-A36DDAF7EDA8} = {4B63D0D6-E922-4494-B4BE-37935EF80FB7}
	EndGlobalSection
	GlobalSection(ExtensibilityGlobals) = postSolution
		SolutionGuid = {DE7CD8F1-59B4-4563-843E-FF3AB15056B4}
	EndGlobalSection
EndGlobal
